// !$*UTF8*$!
{
	archiveVersion = 1;
	classes = {
	};
	objectVersion = 46;
	objects = {

/* Begin PBXBuildFile section */
		6919A7ABF39E6B160D97FFEF /* Pods_My_Chem_Lab.framework in Frameworks */ = {isa = PBXBuildFile; fileRef = A9F7DE161DED6FDE689C665B /* Pods_My_Chem_Lab.framework */; };
		B62F8D211BE02323009AC731 /* TheSimulation.m in Sources */ = {isa = PBXBuildFile; fileRef = B62F8D201BE02323009AC731 /* TheSimulation.m */; };
		B62F8D231BE04766009AC731 /* ResultsViewController.swift in Sources */ = {isa = PBXBuildFile; fileRef = B62F8D221BE04766009AC731 /* ResultsViewController.swift */; };
		B633EC101BD7831800F755A0 /* CardView.swift in Sources */ = {isa = PBXBuildFile; fileRef = B633EC0F1BD7831800F755A0 /* CardView.swift */; };
		B633EC121BD95EFF00F755A0 /* SimulationOptionCell.swift in Sources */ = {isa = PBXBuildFile; fileRef = B633EC111BD95EFF00F755A0 /* SimulationOptionCell.swift */; };
		B64802711BD4301600BB641D /* AppDelegate.swift in Sources */ = {isa = PBXBuildFile; fileRef = B64802701BD4301600BB641D /* AppDelegate.swift */; };
		B64802761BD4301600BB641D /* Main.storyboard in Resources */ = {isa = PBXBuildFile; fileRef = B64802741BD4301600BB641D /* Main.storyboard */; };
		B64802781BD4301600BB641D /* Assets.xcassets in Resources */ = {isa = PBXBuildFile; fileRef = B64802771BD4301600BB641D /* Assets.xcassets */; };
		B648027B1BD4301600BB641D /* LaunchScreen.storyboard in Resources */ = {isa = PBXBuildFile; fileRef = B64802791BD4301600BB641D /* LaunchScreen.storyboard */; };
		B64802861BD4301600BB641D /* My_Chem_LabTests.swift in Sources */ = {isa = PBXBuildFile; fileRef = B64802851BD4301600BB641D /* My_Chem_LabTests.swift */; };
		B64802911BD4301600BB641D /* My_Chem_LabUITests.swift in Sources */ = {isa = PBXBuildFile; fileRef = B64802901BD4301600BB641D /* My_Chem_LabUITests.swift */; };
		B648029F1BD4A7C900BB641D /* MedalsViewController.swift in Sources */ = {isa = PBXBuildFile; fileRef = B648029E1BD4A7C900BB641D /* MedalsViewController.swift */; };
		B64802A31BD4AC6D00BB641D /* MedalCell.swift in Sources */ = {isa = PBXBuildFile; fileRef = B64802A21BD4AC6D00BB641D /* MedalCell.swift */; };
		B64802A81BD4B0B500BB641D /* MedalStruct.swift in Sources */ = {isa = PBXBuildFile; fileRef = B64802A71BD4B0B500BB641D /* MedalStruct.swift */; };
		B64802AA1BD4BD9900BB641D /* MyLabViewController.swift in Sources */ = {isa = PBXBuildFile; fileRef = B64802A91BD4BD9900BB641D /* MyLabViewController.swift */; };
		B64802AC1BD4BE3700BB641D /* ProfileViewController.swift in Sources */ = {isa = PBXBuildFile; fileRef = B64802AB1BD4BE3700BB641D /* ProfileViewController.swift */; };
		B686EDF21BE0B68B00C7E987 /* PieChartCard.swift in Sources */ = {isa = PBXBuildFile; fileRef = B686EDF11BE0B68B00C7E987 /* PieChartCard.swift */; };
		B686EDF61BE0CD4A00C7E987 /* LineChartCard.swift in Sources */ = {isa = PBXBuildFile; fileRef = B686EDF51BE0CD4A00C7E987 /* LineChartCard.swift */; };
		B6AA106E1BDC647400141481 /* SubmitTableViewCell.swift in Sources */ = {isa = PBXBuildFile; fileRef = B6AA106D1BDC647400141481 /* SubmitTableViewCell.swift */; };
		B6AA10701BDC970F00141481 /* WaitOverlayViewController.swift in Sources */ = {isa = PBXBuildFile; fileRef = B6AA106F1BDC970F00141481 /* WaitOverlayViewController.swift */; };
		B6AA107C1BDCCD9D00141481 /* UIView+Glow.m in Sources */ = {isa = PBXBuildFile; fileRef = B6AA107B1BDCCD9D00141481 /* UIView+Glow.m */; };
		B6D0FB131BDB4C9E003AA2D5 /* SimulationInputsViewController.swift in Sources */ = {isa = PBXBuildFile; fileRef = B6D0FB121BDB4C9E003AA2D5 /* SimulationInputsViewController.swift */; };
		B6D0FB151BDB529F003AA2D5 /* InputsTableViewCell.swift in Sources */ = {isa = PBXBuildFile; fileRef = B6D0FB141BDB529F003AA2D5 /* InputsTableViewCell.swift */; };
		B6D0FB171BDB60B9003AA2D5 /* Simulation.swift in Sources */ = {isa = PBXBuildFile; fileRef = B6D0FB161BDB60B9003AA2D5 /* Simulation.swift */; };
		B6D0FB191BDB61C2003AA2D5 /* SimulationInfo.swift in Sources */ = {isa = PBXBuildFile; fileRef = B6D0FB181BDB61C2003AA2D5 /* SimulationInfo.swift */; };
		B6E196491BDE3D4B0094CDD2 /* LoginViewController.swift in Sources */ = {isa = PBXBuildFile; fileRef = B6E196481BDE3D4B0094CDD2 /* LoginViewController.swift */; };
		B6E1964B1BDE450E0094CDD2 /* LoginVerification.swift in Sources */ = {isa = PBXBuildFile; fileRef = B6E1964A1BDE450E0094CDD2 /* LoginVerification.swift */; };
/* End PBXBuildFile section */

/* Begin PBXContainerItemProxy section */
		B64802821BD4301600BB641D /* PBXContainerItemProxy */ = {
			isa = PBXContainerItemProxy;
			containerPortal = B64802651BD4301600BB641D /* Project object */;
			proxyType = 1;
			remoteGlobalIDString = B648026C1BD4301600BB641D;
			remoteInfo = "My Chem Lab";
		};
		B648028D1BD4301600BB641D /* PBXContainerItemProxy */ = {
			isa = PBXContainerItemProxy;
			containerPortal = B64802651BD4301600BB641D /* Project object */;
			proxyType = 1;
			remoteGlobalIDString = B648026C1BD4301600BB641D;
			remoteInfo = "My Chem Lab";
		};
/* End PBXContainerItemProxy section */

/* Begin PBXFileReference section */
		16FE39407FCE9F9ACFDA38F6 /* Pods-My Chem Lab.debug.xcconfig */ = {isa = PBXFileReference; includeInIndex = 1; lastKnownFileType = text.xcconfig; name = "Pods-My Chem Lab.debug.xcconfig"; path = "Pods/Target Support Files/Pods-My Chem Lab/Pods-My Chem Lab.debug.xcconfig"; sourceTree = "<group>"; };
		A9F7DE161DED6FDE689C665B /* Pods_My_Chem_Lab.framework */ = {isa = PBXFileReference; explicitFileType = wrapper.framework; includeInIndex = 0; path = Pods_My_Chem_Lab.framework; sourceTree = BUILT_PRODUCTS_DIR; };
		B62F8D1F1BE02323009AC731 /* TheSimulation.h */ = {isa = PBXFileReference; fileEncoding = 4; lastKnownFileType = sourcecode.c.h; path = TheSimulation.h; sourceTree = "<group>"; };
		B62F8D201BE02323009AC731 /* TheSimulation.m */ = {isa = PBXFileReference; fileEncoding = 4; lastKnownFileType = sourcecode.c.objc; path = TheSimulation.m; sourceTree = "<group>"; };
		B62F8D221BE04766009AC731 /* ResultsViewController.swift */ = {isa = PBXFileReference; fileEncoding = 4; lastKnownFileType = sourcecode.swift; name = ResultsViewController.swift; path = ViewController/ResultsViewController.swift; sourceTree = "<group>"; };
		B633EC0F1BD7831800F755A0 /* CardView.swift */ = {isa = PBXFileReference; fileEncoding = 4; lastKnownFileType = sourcecode.swift; name = CardView.swift; path = Views/CardView.swift; sourceTree = "<group>"; };
		B633EC111BD95EFF00F755A0 /* SimulationOptionCell.swift */ = {isa = PBXFileReference; fileEncoding = 4; lastKnownFileType = sourcecode.swift; name = SimulationOptionCell.swift; path = Views/SimulationOptionCell.swift; sourceTree = "<group>"; };
		B648026D1BD4301600BB641D /* My Chem Lab.app */ = {isa = PBXFileReference; explicitFileType = wrapper.application; includeInIndex = 0; path = "My Chem Lab.app"; sourceTree = BUILT_PRODUCTS_DIR; };
		B64802701BD4301600BB641D /* AppDelegate.swift */ = {isa = PBXFileReference; lastKnownFileType = sourcecode.swift; path = AppDelegate.swift; sourceTree = "<group>"; };
		B64802751BD4301600BB641D /* Base */ = {isa = PBXFileReference; lastKnownFileType = file.storyboard; name = Base; path = Base.lproj/Main.storyboard; sourceTree = "<group>"; };
		B64802771BD4301600BB641D /* Assets.xcassets */ = {isa = PBXFileReference; lastKnownFileType = folder.assetcatalog; path = Assets.xcassets; sourceTree = "<group>"; };
		B648027A1BD4301600BB641D /* Base */ = {isa = PBXFileReference; lastKnownFileType = file.storyboard; name = Base; path = Base.lproj/LaunchScreen.storyboard; sourceTree = "<group>"; };
		B648027C1BD4301600BB641D /* Info.plist */ = {isa = PBXFileReference; lastKnownFileType = text.plist.xml; path = Info.plist; sourceTree = "<group>"; };
		B64802811BD4301600BB641D /* My Chem LabTests.xctest */ = {isa = PBXFileReference; explicitFileType = wrapper.cfbundle; includeInIndex = 0; path = "My Chem LabTests.xctest"; sourceTree = BUILT_PRODUCTS_DIR; };
		B64802851BD4301600BB641D /* My_Chem_LabTests.swift */ = {isa = PBXFileReference; lastKnownFileType = sourcecode.swift; path = My_Chem_LabTests.swift; sourceTree = "<group>"; };
		B64802871BD4301600BB641D /* Info.plist */ = {isa = PBXFileReference; lastKnownFileType = text.plist.xml; path = Info.plist; sourceTree = "<group>"; };
		B648028C1BD4301600BB641D /* My Chem LabUITests.xctest */ = {isa = PBXFileReference; explicitFileType = wrapper.cfbundle; includeInIndex = 0; path = "My Chem LabUITests.xctest"; sourceTree = BUILT_PRODUCTS_DIR; };
		B64802901BD4301600BB641D /* My_Chem_LabUITests.swift */ = {isa = PBXFileReference; lastKnownFileType = sourcecode.swift; path = My_Chem_LabUITests.swift; sourceTree = "<group>"; };
		B64802921BD4301700BB641D /* Info.plist */ = {isa = PBXFileReference; lastKnownFileType = text.plist.xml; path = Info.plist; sourceTree = "<group>"; };
		B648029E1BD4A7C900BB641D /* MedalsViewController.swift */ = {isa = PBXFileReference; fileEncoding = 4; lastKnownFileType = sourcecode.swift; name = MedalsViewController.swift; path = ViewController/MedalsViewController.swift; sourceTree = "<group>"; };
		B64802A21BD4AC6D00BB641D /* MedalCell.swift */ = {isa = PBXFileReference; fileEncoding = 4; lastKnownFileType = sourcecode.swift; name = MedalCell.swift; path = Views/MedalCell.swift; sourceTree = "<group>"; };
		B64802A71BD4B0B500BB641D /* MedalStruct.swift */ = {isa = PBXFileReference; fileEncoding = 4; lastKnownFileType = sourcecode.swift; name = MedalStruct.swift; path = Model/MedalStruct.swift; sourceTree = "<group>"; };
		B64802A91BD4BD9900BB641D /* MyLabViewController.swift */ = {isa = PBXFileReference; fileEncoding = 4; lastKnownFileType = sourcecode.swift; name = MyLabViewController.swift; path = ViewController/MyLabViewController.swift; sourceTree = "<group>"; };
		B64802AB1BD4BE3700BB641D /* ProfileViewController.swift */ = {isa = PBXFileReference; fileEncoding = 4; lastKnownFileType = sourcecode.swift; name = ProfileViewController.swift; path = ViewController/ProfileViewController.swift; sourceTree = "<group>"; };
		B686EDF11BE0B68B00C7E987 /* PieChartCard.swift */ = {isa = PBXFileReference; fileEncoding = 4; lastKnownFileType = sourcecode.swift; name = PieChartCard.swift; path = Views/PieChartCard.swift; sourceTree = "<group>"; };
		B686EDF51BE0CD4A00C7E987 /* LineChartCard.swift */ = {isa = PBXFileReference; fileEncoding = 4; lastKnownFileType = sourcecode.swift; name = LineChartCard.swift; path = Views/LineChartCard.swift; sourceTree = "<group>"; };
		B6AA106D1BDC647400141481 /* SubmitTableViewCell.swift */ = {isa = PBXFileReference; fileEncoding = 4; lastKnownFileType = sourcecode.swift; name = SubmitTableViewCell.swift; path = Views/SubmitTableViewCell.swift; sourceTree = "<group>"; };
		B6AA106F1BDC970F00141481 /* WaitOverlayViewController.swift */ = {isa = PBXFileReference; fileEncoding = 4; lastKnownFileType = sourcecode.swift; name = WaitOverlayViewController.swift; path = ViewController/WaitOverlayViewController.swift; sourceTree = "<group>"; };
		B6AA10791BDCCD9D00141481 /* My Chem Lab-Bridging-Header.h */ = {isa = PBXFileReference; lastKnownFileType = sourcecode.c.h; path = "My Chem Lab-Bridging-Header.h"; sourceTree = "<group>"; };
		B6AA107A1BDCCD9D00141481 /* UIView+Glow.h */ = {isa = PBXFileReference; fileEncoding = 4; lastKnownFileType = sourcecode.c.h; path = "UIView+Glow.h"; sourceTree = "<group>"; };
		B6AA107B1BDCCD9D00141481 /* UIView+Glow.m */ = {isa = PBXFileReference; fileEncoding = 4; lastKnownFileType = sourcecode.c.objc; path = "UIView+Glow.m"; sourceTree = "<group>"; };
		B6D0FB121BDB4C9E003AA2D5 /* SimulationInputsViewController.swift */ = {isa = PBXFileReference; fileEncoding = 4; lastKnownFileType = sourcecode.swift; name = SimulationInputsViewController.swift; path = ViewController/SimulationInputsViewController.swift; sourceTree = "<group>"; };
		B6D0FB141BDB529F003AA2D5 /* InputsTableViewCell.swift */ = {isa = PBXFileReference; fileEncoding = 4; lastKnownFileType = sourcecode.swift; name = InputsTableViewCell.swift; path = Views/InputsTableViewCell.swift; sourceTree = "<group>"; };
		B6D0FB161BDB60B9003AA2D5 /* Simulation.swift */ = {isa = PBXFileReference; fileEncoding = 4; lastKnownFileType = sourcecode.swift; name = Simulation.swift; path = Model/Simulation.swift; sourceTree = "<group>"; };
		B6D0FB181BDB61C2003AA2D5 /* SimulationInfo.swift */ = {isa = PBXFileReference; fileEncoding = 4; lastKnownFileType = sourcecode.swift; name = SimulationInfo.swift; path = Model/SimulationInfo.swift; sourceTree = "<group>"; };
		B6E196481BDE3D4B0094CDD2 /* LoginViewController.swift */ = {isa = PBXFileReference; fileEncoding = 4; lastKnownFileType = sourcecode.swift; name = LoginViewController.swift; path = ViewController/LoginViewController.swift; sourceTree = "<group>"; };
		B6E1964A1BDE450E0094CDD2 /* LoginVerification.swift */ = {isa = PBXFileReference; fileEncoding = 4; lastKnownFileType = sourcecode.swift; path = LoginVerification.swift; sourceTree = "<group>"; };
		CBE206D6F3C5EE2B51BB719C /* Pods-My Chem Lab.release.xcconfig */ = {isa = PBXFileReference; includeInIndex = 1; lastKnownFileType = text.xcconfig; name = "Pods-My Chem Lab.release.xcconfig"; path = "Pods/Target Support Files/Pods-My Chem Lab/Pods-My Chem Lab.release.xcconfig"; sourceTree = "<group>"; };
/* End PBXFileReference section */

/* Begin PBXFrameworksBuildPhase section */
		B648026A1BD4301600BB641D /* Frameworks */ = {
			isa = PBXFrameworksBuildPhase;
			buildActionMask = 2147483647;
			files = (
				6919A7ABF39E6B160D97FFEF /* Pods_My_Chem_Lab.framework in Frameworks */,
			);
			runOnlyForDeploymentPostprocessing = 0;
		};
		B648027E1BD4301600BB641D /* Frameworks */ = {
			isa = PBXFrameworksBuildPhase;
			buildActionMask = 2147483647;
			files = (
			);
			runOnlyForDeploymentPostprocessing = 0;
		};
		B64802891BD4301600BB641D /* Frameworks */ = {
			isa = PBXFrameworksBuildPhase;
			buildActionMask = 2147483647;
			files = (
			);
			runOnlyForDeploymentPostprocessing = 0;
		};
/* End PBXFrameworksBuildPhase section */

/* Begin PBXGroup section */
		331D0B95A14EBA6C9DB00110 /* Frameworks */ = {
			isa = PBXGroup;
			children = (
				A9F7DE161DED6FDE689C665B /* Pods_My_Chem_Lab.framework */,
			);
			name = Frameworks;
			sourceTree = "<group>";
		};
		A2312A3BEA579518F2CA1D2A /* Pods */ = {
			isa = PBXGroup;
			children = (
				16FE39407FCE9F9ACFDA38F6 /* Pods-My Chem Lab.debug.xcconfig */,
				CBE206D6F3C5EE2B51BB719C /* Pods-My Chem Lab.release.xcconfig */,
			);
			name = Pods;
			sourceTree = "<group>";
		};
		B64802641BD4301600BB641D = {
			isa = PBXGroup;
			children = (
				B648026F1BD4301600BB641D /* My Chem Lab */,
				B64802841BD4301600BB641D /* My Chem LabTests */,
				B648028F1BD4301600BB641D /* My Chem LabUITests */,
				B648026E1BD4301600BB641D /* Products */,
				A2312A3BEA579518F2CA1D2A /* Pods */,
				331D0B95A14EBA6C9DB00110 /* Frameworks */,
			);
			sourceTree = "<group>";
		};
		B648026E1BD4301600BB641D /* Products */ = {
			isa = PBXGroup;
			children = (
				B648026D1BD4301600BB641D /* My Chem Lab.app */,
				B64802811BD4301600BB641D /* My Chem LabTests.xctest */,
				B648028C1BD4301600BB641D /* My Chem LabUITests.xctest */,
			);
			name = Products;
			sourceTree = "<group>";
		};
		B648026F1BD4301600BB641D /* My Chem Lab */ = {
			isa = PBXGroup;
			children = (
				B64802701BD4301600BB641D /* AppDelegate.swift */,
				B64802741BD4301600BB641D /* Main.storyboard */,
				B6AA10791BDCCD9D00141481 /* My Chem Lab-Bridging-Header.h */,
				B64802A41BD4B04E00BB641D /* Model */,
				B64802A11BD4AC4A00BB641D /* Views */,
				B64802A01BD4AC4300BB641D /* View Controllers */,
				B64802771BD4301600BB641D /* Assets.xcassets */,
				B64802791BD4301600BB641D /* LaunchScreen.storyboard */,
				B648027C1BD4301600BB641D /* Info.plist */,
			);
			path = "My Chem Lab";
			sourceTree = "<group>";
		};
		B64802841BD4301600BB641D /* My Chem LabTests */ = {
			isa = PBXGroup;
			children = (
				B64802851BD4301600BB641D /* My_Chem_LabTests.swift */,
				B64802871BD4301600BB641D /* Info.plist */,
			);
			path = "My Chem LabTests";
			sourceTree = "<group>";
		};
		B648028F1BD4301600BB641D /* My Chem LabUITests */ = {
			isa = PBXGroup;
			children = (
				B64802901BD4301600BB641D /* My_Chem_LabUITests.swift */,
				B64802921BD4301700BB641D /* Info.plist */,
			);
			path = "My Chem LabUITests";
			sourceTree = "<group>";
		};
		B64802A01BD4AC4300BB641D /* View Controllers */ = {
			isa = PBXGroup;
			children = (
				B6E196481BDE3D4B0094CDD2 /* LoginViewController.swift */,
				B6AA106F1BDC970F00141481 /* WaitOverlayViewController.swift */,
				B6D0FB121BDB4C9E003AA2D5 /* SimulationInputsViewController.swift */,
				B62F8D221BE04766009AC731 /* ResultsViewController.swift */,
				B648029E1BD4A7C900BB641D /* MedalsViewController.swift */,
				B64802A91BD4BD9900BB641D /* MyLabViewController.swift */,
				B64802AB1BD4BE3700BB641D /* ProfileViewController.swift */,
			);
			name = "View Controllers";
			sourceTree = "<group>";
		};
		B64802A11BD4AC4A00BB641D /* Views */ = {
			isa = PBXGroup;
			children = (
				B686EDF11BE0B68B00C7E987 /* PieChartCard.swift */,
				B686EDF51BE0CD4A00C7E987 /* LineChartCard.swift */,
				B6AA107A1BDCCD9D00141481 /* UIView+Glow.h */,
				B6AA107B1BDCCD9D00141481 /* UIView+Glow.m */,
				B6AA106D1BDC647400141481 /* SubmitTableViewCell.swift */,
				B633EC0F1BD7831800F755A0 /* CardView.swift */,
				B64802A21BD4AC6D00BB641D /* MedalCell.swift */,
				B633EC111BD95EFF00F755A0 /* SimulationOptionCell.swift */,
				B6D0FB141BDB529F003AA2D5 /* InputsTableViewCell.swift */,
			);
			name = Views;
			sourceTree = "<group>";
		};
		B64802A41BD4B04E00BB641D /* Model */ = {
			isa = PBXGroup;
			children = (
				B62F8D1F1BE02323009AC731 /* TheSimulation.h */,
				B62F8D201BE02323009AC731 /* TheSimulation.m */,
				B6E1964A1BDE450E0094CDD2 /* LoginVerification.swift */,
				B64802A71BD4B0B500BB641D /* MedalStruct.swift */,
				B6D0FB161BDB60B9003AA2D5 /* Simulation.swift */,
				B6D0FB181BDB61C2003AA2D5 /* SimulationInfo.swift */,
			);
			name = Model;
			sourceTree = "<group>";
		};
/* End PBXGroup section */

/* Begin PBXNativeTarget section */
		B648026C1BD4301600BB641D /* My Chem Lab */ = {
			isa = PBXNativeTarget;
			buildConfigurationList = B64802951BD4301700BB641D /* Build configuration list for PBXNativeTarget "My Chem Lab" */;
			buildPhases = (
				0EDE33C831A0807B8006A790 /* Check Pods Manifest.lock */,
				B64802691BD4301600BB641D /* Sources */,
				B648026A1BD4301600BB641D /* Frameworks */,
				B648026B1BD4301600BB641D /* Resources */,
				65CF07E7968C6D778D1684FC /* Embed Pods Frameworks */,
				6D190ADD98E101BDE1C89604 /* Copy Pods Resources */,
			);
			buildRules = (
			);
			dependencies = (
			);
			name = "My Chem Lab";
			productName = "My Chem Lab";
			productReference = B648026D1BD4301600BB641D /* My Chem Lab.app */;
			productType = "com.apple.product-type.application";
		};
		B64802801BD4301600BB641D /* My Chem LabTests */ = {
			isa = PBXNativeTarget;
			buildConfigurationList = B64802981BD4301700BB641D /* Build configuration list for PBXNativeTarget "My Chem LabTests" */;
			buildPhases = (
				B648027D1BD4301600BB641D /* Sources */,
				B648027E1BD4301600BB641D /* Frameworks */,
				B648027F1BD4301600BB641D /* Resources */,
			);
			buildRules = (
			);
			dependencies = (
				B64802831BD4301600BB641D /* PBXTargetDependency */,
			);
			name = "My Chem LabTests";
			productName = "My Chem LabTests";
			productReference = B64802811BD4301600BB641D /* My Chem LabTests.xctest */;
			productType = "com.apple.product-type.bundle.unit-test";
		};
		B648028B1BD4301600BB641D /* My Chem LabUITests */ = {
			isa = PBXNativeTarget;
			buildConfigurationList = B648029B1BD4301700BB641D /* Build configuration list for PBXNativeTarget "My Chem LabUITests" */;
			buildPhases = (
				B64802881BD4301600BB641D /* Sources */,
				B64802891BD4301600BB641D /* Frameworks */,
				B648028A1BD4301600BB641D /* Resources */,
			);
			buildRules = (
			);
			dependencies = (
				B648028E1BD4301600BB641D /* PBXTargetDependency */,
			);
			name = "My Chem LabUITests";
			productName = "My Chem LabUITests";
			productReference = B648028C1BD4301600BB641D /* My Chem LabUITests.xctest */;
			productType = "com.apple.product-type.bundle.ui-testing";
		};
/* End PBXNativeTarget section */

/* Begin PBXProject section */
		B64802651BD4301600BB641D /* Project object */ = {
			isa = PBXProject;
			attributes = {
				LastSwiftUpdateCheck = 0710;
				LastUpgradeCheck = 0700;
				ORGANIZATIONNAME = "University Of Wisconsin Parkside";
				TargetAttributes = {
					B648026C1BD4301600BB641D = {
						CreatedOnToolsVersion = 7.0.1;
					};
					B64802801BD4301600BB641D = {
						CreatedOnToolsVersion = 7.0.1;
						TestTargetID = B648026C1BD4301600BB641D;
					};
					B648028B1BD4301600BB641D = {
						CreatedOnToolsVersion = 7.0.1;
						TestTargetID = B648026C1BD4301600BB641D;
					};
				};
			};
			buildConfigurationList = B64802681BD4301600BB641D /* Build configuration list for PBXProject "My Chem Lab" */;
			compatibilityVersion = "Xcode 3.2";
			developmentRegion = English;
			hasScannedForEncodings = 0;
			knownRegions = (
				en,
				Base,
			);
			mainGroup = B64802641BD4301600BB641D;
			productRefGroup = B648026E1BD4301600BB641D /* Products */;
			projectDirPath = "";
			projectRoot = "";
			targets = (
				B648026C1BD4301600BB641D /* My Chem Lab */,
				B64802801BD4301600BB641D /* My Chem LabTests */,
				B648028B1BD4301600BB641D /* My Chem LabUITests */,
			);
		};
/* End PBXProject section */

/* Begin PBXResourcesBuildPhase section */
		B648026B1BD4301600BB641D /* Resources */ = {
			isa = PBXResourcesBuildPhase;
			buildActionMask = 2147483647;
			files = (
				B648027B1BD4301600BB641D /* LaunchScreen.storyboard in Resources */,
				B64802781BD4301600BB641D /* Assets.xcassets in Resources */,
				B64802761BD4301600BB641D /* Main.storyboard in Resources */,
			);
			runOnlyForDeploymentPostprocessing = 0;
		};
		B648027F1BD4301600BB641D /* Resources */ = {
			isa = PBXResourcesBuildPhase;
			buildActionMask = 2147483647;
			files = (
			);
			runOnlyForDeploymentPostprocessing = 0;
		};
		B648028A1BD4301600BB641D /* Resources */ = {
			isa = PBXResourcesBuildPhase;
			buildActionMask = 2147483647;
			files = (
			);
			runOnlyForDeploymentPostprocessing = 0;
		};
/* End PBXResourcesBuildPhase section */

/* Begin PBXShellScriptBuildPhase section */
		0EDE33C831A0807B8006A790 /* Check Pods Manifest.lock */ = {
			isa = PBXShellScriptBuildPhase;
			buildActionMask = 2147483647;
			files = (
			);
			inputPaths = (
			);
			name = "Check Pods Manifest.lock";
			outputPaths = (
			);
			runOnlyForDeploymentPostprocessing = 0;
			shellPath = /bin/sh;
			shellScript = "diff \"${PODS_ROOT}/../Podfile.lock\" \"${PODS_ROOT}/Manifest.lock\" > /dev/null\nif [[ $? != 0 ]] ; then\n    cat << EOM\nerror: The sandbox is not in sync with the Podfile.lock. Run 'pod install' or update your CocoaPods installation.\nEOM\n    exit 1\nfi\n";
			showEnvVarsInLog = 0;
		};
		65CF07E7968C6D778D1684FC /* Embed Pods Frameworks */ = {
			isa = PBXShellScriptBuildPhase;
			buildActionMask = 2147483647;
			files = (
			);
			inputPaths = (
			);
			name = "Embed Pods Frameworks";
			outputPaths = (
			);
			runOnlyForDeploymentPostprocessing = 0;
			shellPath = /bin/sh;
			shellScript = "\"${SRCROOT}/Pods/Target Support Files/Pods-My Chem Lab/Pods-My Chem Lab-frameworks.sh\"\n";
			showEnvVarsInLog = 0;
		};
		6D190ADD98E101BDE1C89604 /* Copy Pods Resources */ = {
			isa = PBXShellScriptBuildPhase;
			buildActionMask = 2147483647;
			files = (
			);
			inputPaths = (
			);
			name = "Copy Pods Resources";
			outputPaths = (
			);
			runOnlyForDeploymentPostprocessing = 0;
			shellPath = /bin/sh;
			shellScript = "\"${SRCROOT}/Pods/Target Support Files/Pods-My Chem Lab/Pods-My Chem Lab-resources.sh\"\n";
			showEnvVarsInLog = 0;
		};
/* End PBXShellScriptBuildPhase section */

/* Begin PBXSourcesBuildPhase section */
		B64802691BD4301600BB641D /* Sources */ = {
			isa = PBXSourcesBuildPhase;
			buildActionMask = 2147483647;
			files = (
				B6D0FB191BDB61C2003AA2D5 /* SimulationInfo.swift in Sources */,
				B633EC101BD7831800F755A0 /* CardView.swift in Sources */,
				B686EDF61BE0CD4A00C7E987 /* LineChartCard.swift in Sources */,
				B62F8D231BE04766009AC731 /* ResultsViewController.swift in Sources */,
				B64802AC1BD4BE3700BB641D /* ProfileViewController.swift in Sources */,
				B6D0FB171BDB60B9003AA2D5 /* Simulation.swift in Sources */,
				B62F8D211BE02323009AC731 /* TheSimulation.m in Sources */,
				B6AA106E1BDC647400141481 /* SubmitTableViewCell.swift in Sources */,
				B6E1964B1BDE450E0094CDD2 /* LoginVerification.swift in Sources */,
				B64802AA1BD4BD9900BB641D /* MyLabViewController.swift in Sources */,
				B6D0FB131BDB4C9E003AA2D5 /* SimulationInputsViewController.swift in Sources */,
				B633EC121BD95EFF00F755A0 /* SimulationOptionCell.swift in Sources */,
				B64802A81BD4B0B500BB641D /* MedalStruct.swift in Sources */,
				B648029F1BD4A7C900BB641D /* MedalsViewController.swift in Sources */,
				B6AA10701BDC970F00141481 /* WaitOverlayViewController.swift in Sources */,
				B686EDF21BE0B68B00C7E987 /* PieChartCard.swift in Sources */,
				B64802A31BD4AC6D00BB641D /* MedalCell.swift in Sources */,
				B6E196491BDE3D4B0094CDD2 /* LoginViewController.swift in Sources */,
				B6AA107C1BDCCD9D00141481 /* UIView+Glow.m in Sources */,
				B6D0FB151BDB529F003AA2D5 /* InputsTableViewCell.swift in Sources */,
				B64802711BD4301600BB641D /* AppDelegate.swift in Sources */,
			);
			runOnlyForDeploymentPostprocessing = 0;
		};
		B648027D1BD4301600BB641D /* Sources */ = {
			isa = PBXSourcesBuildPhase;
			buildActionMask = 2147483647;
			files = (
				B64802861BD4301600BB641D /* My_Chem_LabTests.swift in Sources */,
			);
			runOnlyForDeploymentPostprocessing = 0;
		};
		B64802881BD4301600BB641D /* Sources */ = {
			isa = PBXSourcesBuildPhase;
			buildActionMask = 2147483647;
			files = (
				B64802911BD4301600BB641D /* My_Chem_LabUITests.swift in Sources */,
			);
			runOnlyForDeploymentPostprocessing = 0;
		};
/* End PBXSourcesBuildPhase section */

/* Begin PBXTargetDependency section */
		B64802831BD4301600BB641D /* PBXTargetDependency */ = {
			isa = PBXTargetDependency;
			target = B648026C1BD4301600BB641D /* My Chem Lab */;
			targetProxy = B64802821BD4301600BB641D /* PBXContainerItemProxy */;
		};
		B648028E1BD4301600BB641D /* PBXTargetDependency */ = {
			isa = PBXTargetDependency;
			target = B648026C1BD4301600BB641D /* My Chem Lab */;
			targetProxy = B648028D1BD4301600BB641D /* PBXContainerItemProxy */;
		};
/* End PBXTargetDependency section */

/* Begin PBXVariantGroup section */
		B64802741BD4301600BB641D /* Main.storyboard */ = {
			isa = PBXVariantGroup;
			children = (
				B64802751BD4301600BB641D /* Base */,
			);
			name = Main.storyboard;
			sourceTree = "<group>";
		};
		B64802791BD4301600BB641D /* LaunchScreen.storyboard */ = {
			isa = PBXVariantGroup;
			children = (
				B648027A1BD4301600BB641D /* Base */,
			);
			name = LaunchScreen.storyboard;
			sourceTree = "<group>";
		};
/* End PBXVariantGroup section */

/* Begin XCBuildConfiguration section */
		B64802931BD4301700BB641D /* Debug */ = {
			isa = XCBuildConfiguration;
			buildSettings = {
				ALWAYS_SEARCH_USER_PATHS = NO;
				CLANG_CXX_LANGUAGE_STANDARD = "gnu++0x";
				CLANG_CXX_LIBRARY = "libc++";
				CLANG_ENABLE_MODULES = YES;
				CLANG_ENABLE_OBJC_ARC = YES;
				CLANG_WARN_BOOL_CONVERSION = YES;
				CLANG_WARN_CONSTANT_CONVERSION = YES;
				CLANG_WARN_DIRECT_OBJC_ISA_USAGE = YES_ERROR;
				CLANG_WARN_EMPTY_BODY = YES;
				CLANG_WARN_ENUM_CONVERSION = YES;
				CLANG_WARN_INT_CONVERSION = YES;
				CLANG_WARN_OBJC_ROOT_CLASS = YES_ERROR;
				CLANG_WARN_UNREACHABLE_CODE = YES;
				CLANG_WARN__DUPLICATE_METHOD_MATCH = YES;
				"CODE_SIGN_IDENTITY[sdk=iphoneos*]" = "iPhone Developer";
				COPY_PHASE_STRIP = NO;
				DEBUG_INFORMATION_FORMAT = dwarf;
				ENABLE_STRICT_OBJC_MSGSEND = YES;
				ENABLE_TESTABILITY = YES;
				GCC_C_LANGUAGE_STANDARD = gnu99;
				GCC_DYNAMIC_NO_PIC = NO;
				GCC_NO_COMMON_BLOCKS = YES;
				GCC_OPTIMIZATION_LEVEL = 0;
				GCC_PREPROCESSOR_DEFINITIONS = (
					"DEBUG=1",
					"$(inherited)",
				);
				GCC_WARN_64_TO_32_BIT_CONVERSION = YES;
				GCC_WARN_ABOUT_RETURN_TYPE = YES_ERROR;
				GCC_WARN_UNDECLARED_SELECTOR = YES;
				GCC_WARN_UNINITIALIZED_AUTOS = YES_AGGRESSIVE;
				GCC_WARN_UNUSED_FUNCTION = YES;
				GCC_WARN_UNUSED_VARIABLE = YES;
				IPHONEOS_DEPLOYMENT_TARGET = 8.0;
				MTL_ENABLE_DEBUG_INFO = YES;
				ONLY_ACTIVE_ARCH = YES;
				SDKROOT = iphoneos;
				SWIFT_OPTIMIZATION_LEVEL = "-Onone";
			};
			name = Debug;
		};
		B64802941BD4301700BB641D /* Release */ = {
			isa = XCBuildConfiguration;
			buildSettings = {
				ALWAYS_SEARCH_USER_PATHS = NO;
				CLANG_CXX_LANGUAGE_STANDARD = "gnu++0x";
				CLANG_CXX_LIBRARY = "libc++";
				CLANG_ENABLE_MODULES = YES;
				CLANG_ENABLE_OBJC_ARC = YES;
				CLANG_WARN_BOOL_CONVERSION = YES;
				CLANG_WARN_CONSTANT_CONVERSION = YES;
				CLANG_WARN_DIRECT_OBJC_ISA_USAGE = YES_ERROR;
				CLANG_WARN_EMPTY_BODY = YES;
				CLANG_WARN_ENUM_CONVERSION = YES;
				CLANG_WARN_INT_CONVERSION = YES;
				CLANG_WARN_OBJC_ROOT_CLASS = YES_ERROR;
				CLANG_WARN_UNREACHABLE_CODE = YES;
				CLANG_WARN__DUPLICATE_METHOD_MATCH = YES;
				"CODE_SIGN_IDENTITY[sdk=iphoneos*]" = "iPhone Developer";
				COPY_PHASE_STRIP = NO;
				DEBUG_INFORMATION_FORMAT = "dwarf-with-dsym";
				ENABLE_NS_ASSERTIONS = NO;
				ENABLE_STRICT_OBJC_MSGSEND = YES;
				GCC_C_LANGUAGE_STANDARD = gnu99;
				GCC_NO_COMMON_BLOCKS = YES;
				GCC_WARN_64_TO_32_BIT_CONVERSION = YES;
				GCC_WARN_ABOUT_RETURN_TYPE = YES_ERROR;
				GCC_WARN_UNDECLARED_SELECTOR = YES;
				GCC_WARN_UNINITIALIZED_AUTOS = YES_AGGRESSIVE;
				GCC_WARN_UNUSED_FUNCTION = YES;
				GCC_WARN_UNUSED_VARIABLE = YES;
				IPHONEOS_DEPLOYMENT_TARGET = 8.0;
				MTL_ENABLE_DEBUG_INFO = NO;
				SDKROOT = iphoneos;
				VALIDATE_PRODUCT = YES;
			};
			name = Release;
		};
		B64802961BD4301700BB641D /* Debug */ = {
			isa = XCBuildConfiguration;
			baseConfigurationReference = 16FE39407FCE9F9ACFDA38F6 /* Pods-My Chem Lab.debug.xcconfig */;
			buildSettings = {
				ASSETCATALOG_COMPILER_APPICON_NAME = AppIcon;
				CLANG_ENABLE_MODULES = YES;
				INFOPLIST_FILE = "My Chem Lab/Info.plist";
				LD_RUNPATH_SEARCH_PATHS = "$(inherited) @executable_path/Frameworks";
				PRODUCT_BUNDLE_IDENTIFIER = "edu.uwp.My-Chem-Lab";
				PRODUCT_NAME = "$(TARGET_NAME)";
				SWIFT_INSTALL_OBJC_HEADER = YES;
				SWIFT_OBJC_BRIDGING_HEADER = "My Chem Lab/My Chem Lab-Bridging-Header.h";
				SWIFT_OBJC_INTERFACE_HEADER_NAME = "";
				SWIFT_OPTIMIZATION_LEVEL = "-Onone";
				TARGETED_DEVICE_FAMILY = "1,2";
			};
			name = Debug;
		};
		B64802971BD4301700BB641D /* Release */ = {
			isa = XCBuildConfiguration;
			baseConfigurationReference = CBE206D6F3C5EE2B51BB719C /* Pods-My Chem Lab.release.xcconfig */;
			buildSettings = {
				ASSETCATALOG_COMPILER_APPICON_NAME = AppIcon;
				CLANG_ENABLE_MODULES = YES;
				INFOPLIST_FILE = "My Chem Lab/Info.plist";
				LD_RUNPATH_SEARCH_PATHS = "$(inherited) @executable_path/Frameworks";
				PRODUCT_BUNDLE_IDENTIFIER = "edu.uwp.My-Chem-Lab";
				PRODUCT_NAME = "$(TARGET_NAME)";
				SWIFT_INSTALL_OBJC_HEADER = YES;
				SWIFT_OBJC_BRIDGING_HEADER = "My Chem Lab/My Chem Lab-Bridging-Header.h";
				SWIFT_OBJC_INTERFACE_HEADER_NAME = "";
				TARGETED_DEVICE_FAMILY = "1,2";
			};
			name = Release;
		};
		B64802991BD4301700BB641D /* Debug */ = {
			isa = XCBuildConfiguration;
			buildSettings = {
				BUNDLE_LOADER = "$(TEST_HOST)";
				INFOPLIST_FILE = "My Chem LabTests/Info.plist";
				LD_RUNPATH_SEARCH_PATHS = "$(inherited) @executable_path/Frameworks @loader_path/Frameworks";
				PRODUCT_BUNDLE_IDENTIFIER = "edu.uwp.My-Chem-LabTests";
				PRODUCT_NAME = "$(TARGET_NAME)";
				TEST_HOST = "$(BUILT_PRODUCTS_DIR)/My Chem Lab.app/My Chem Lab";
			};
			name = Debug;
		};
		B648029A1BD4301700BB641D /* Release */ = {
			isa = XCBuildConfiguration;
			buildSettings = {
				BUNDLE_LOADER = "$(TEST_HOST)";
				INFOPLIST_FILE = "My Chem LabTests/Info.plist";
				LD_RUNPATH_SEARCH_PATHS = "$(inherited) @executable_path/Frameworks @loader_path/Frameworks";
				PRODUCT_BUNDLE_IDENTIFIER = "edu.uwp.My-Chem-LabTests";
				PRODUCT_NAME = "$(TARGET_NAME)";
				TEST_HOST = "$(BUILT_PRODUCTS_DIR)/My Chem Lab.app/My Chem Lab";
			};
			name = Release;
		};
		B648029C1BD4301700BB641D /* Debug */ = {
			isa = XCBuildConfiguration;
			buildSettings = {
				INFOPLIST_FILE = "My Chem LabUITests/Info.plist";
				LD_RUNPATH_SEARCH_PATHS = "$(inherited) @executable_path/Frameworks @loader_path/Frameworks";
				PRODUCT_BUNDLE_IDENTIFIER = "edu.uwp.My-Chem-LabUITests";
				PRODUCT_NAME = "$(TARGET_NAME)";
				TEST_TARGET_NAME = "My Chem Lab";
				USES_XCTRUNNER = YES;
			};
			name = Debug;
		};
		B648029D1BD4301700BB641D /* Release */ = {
			isa = XCBuildConfiguration;
			buildSettings = {
				INFOPLIST_FILE = "My Chem LabUITests/Info.plist";
				LD_RUNPATH_SEARCH_PATHS = "$(inherited) @executable_path/Frameworks @loader_path/Frameworks";
				PRODUCT_BUNDLE_IDENTIFIER = "edu.uwp.My-Chem-LabUITests";
				PRODUCT_NAME = "$(TARGET_NAME)";
				TEST_TARGET_NAME = "My Chem Lab";
				USES_XCTRUNNER = YES;
			};
			name = Release;
		};
/* End XCBuildConfiguration section */

/* Begin XCConfigurationList section */
		B64802681BD4301600BB641D /* Build configuration list for PBXProject "My Chem Lab" */ = {
			isa = XCConfigurationList;
			buildConfigurations = (
				B64802931BD4301700BB641D /* Debug */,
				B64802941BD4301700BB641D /* Release */,
			);
			defaultConfigurationIsVisible = 0;
			defaultConfigurationName = Release;
		};
		B64802951BD4301700BB641D /* Build configuration list for PBXNativeTarget "My Chem Lab" */ = {
			isa = XCConfigurationList;
			buildConfigurations = (
				B64802961BD4301700BB641D /* Debug */,
				B64802971BD4301700BB641D /* Release */,
			);
			defaultConfigurationIsVisible = 0;
			defaultConfigurationName = Release;
		};
		B64802981BD4301700BB641D /* Build configuration list for PBXNativeTarget "My Chem LabTests" */ = {
			isa = XCConfigurationList;
			buildConfigurations = (
				B64802991BD4301700BB641D /* Debug */,
				B648029A1BD4301700BB641D /* Release */,
			);
			defaultConfigurationIsVisible = 0;
			defaultConfigurationName = Release;
		};
		B648029B1BD4301700BB641D /* Build configuration list for PBXNativeTarget "My Chem LabUITests" */ = {
			isa = XCConfigurationList;
			buildConfigurations = (
				B648029C1BD4301700BB641D /* Debug */,
				B648029D1BD4301700BB641D /* Release */,
			);
			defaultConfigurationIsVisible = 0;
			defaultConfigurationName = Release;
		};
/* End XCConfigurationList section */
	};
	rootObject = B64802651BD4301600BB641D /* Project object */;
}
